// !$*UTF8*$!
{
	archiveVersion = 1;
	classes = {
	};
	objectVersion = 46;
	objects = {

/* Begin PBXBuildFile section */
		15D975A661B04B2391BE0599 /* libPods.a in Frameworks */ = {isa = PBXBuildFile; fileRef = 50F0E838561E4142812F87CB /* libPods.a */; };
		582E39F417EF85BD00A53ED3 /* TestViewController.m in Sources */ = {isa = PBXBuildFile; fileRef = 582E39F317EF85BD00A53ED3 /* TestViewController.m */; };
		5831F87617E43AAC00ADFE98 /* UIKit.framework in Frameworks */ = {isa = PBXBuildFile; fileRef = 5831F87517E43AAC00ADFE98 /* UIKit.framework */; };
		5831F87817E43AAC00ADFE98 /* Foundation.framework in Frameworks */ = {isa = PBXBuildFile; fileRef = 5831F87717E43AAC00ADFE98 /* Foundation.framework */; };
		5831F87A17E43AAC00ADFE98 /* CoreGraphics.framework in Frameworks */ = {isa = PBXBuildFile; fileRef = 5831F87917E43AAC00ADFE98 /* CoreGraphics.framework */; };
		5831F88017E43AAC00ADFE98 /* InfoPlist.strings in Resources */ = {isa = PBXBuildFile; fileRef = 5831F87E17E43AAC00ADFE98 /* InfoPlist.strings */; };
		5831F88217E43AAC00ADFE98 /* main.m in Sources */ = {isa = PBXBuildFile; fileRef = 5831F88117E43AAC00ADFE98 /* main.m */; };
		5831F88617E43AAC00ADFE98 /* AppDelegate.m in Sources */ = {isa = PBXBuildFile; fileRef = 5831F88517E43AAC00ADFE98 /* AppDelegate.m */; };
		5831F88817E43AAC00ADFE98 /* Default.png in Resources */ = {isa = PBXBuildFile; fileRef = 5831F88717E43AAC00ADFE98 /* Default.png */; };
		5831F88A17E43AAC00ADFE98 /* Default@2x.png in Resources */ = {isa = PBXBuildFile; fileRef = 5831F88917E43AAC00ADFE98 /* Default@2x.png */; };
		5831F88C17E43AAC00ADFE98 /* Default-568h@2x.png in Resources */ = {isa = PBXBuildFile; fileRef = 5831F88B17E43AAC00ADFE98 /* Default-568h@2x.png */; };
		5831F89E17E43AAC00ADFE98 /* UIKit.framework in Frameworks */ = {isa = PBXBuildFile; fileRef = 5831F87517E43AAC00ADFE98 /* UIKit.framework */; };
		5831F89F17E43AAC00ADFE98 /* Foundation.framework in Frameworks */ = {isa = PBXBuildFile; fileRef = 5831F87717E43AAC00ADFE98 /* Foundation.framework */; };
		5831F8A717E43AAD00ADFE98 /* InfoPlist.strings in Resources */ = {isa = PBXBuildFile; fileRef = 5831F8A517E43AAD00ADFE98 /* InfoPlist.strings */; };
		5834DB22192FD8F300C9F287 /* TestDefinition.m in Sources */ = {isa = PBXBuildFile; fileRef = 5834DB21192FD8F300C9F287 /* TestDefinition.m */; };
		5863F31818A2AB1E00C9FCA9 /* stopped.png in Resources */ = {isa = PBXBuildFile; fileRef = 5863F31618A2AB1E00C9FCA9 /* stopped.png */; };
		5863F31918A2AB1E00C9FCA9 /* stopped@2x.png in Resources */ = {isa = PBXBuildFile; fileRef = 5863F31718A2AB1E00C9FCA9 /* stopped@2x.png */; };
		5871DC251A3B363A004733CD /* ServiceTests.m in Sources */ = {isa = PBXBuildFile; fileRef = 5871DC241A3B363A004733CD /* ServiceTests.m */; };
		5871DC271A3B3661004733CD /* ModelTests.m in Sources */ = {isa = PBXBuildFile; fileRef = 5871DC261A3B3661004733CD /* ModelTests.m */; };
		587A9A3C17F34AB200D6D57B /* EditPropertyViewController.m in Sources */ = {isa = PBXBuildFile; fileRef = 587A9A3B17F34AB200D6D57B /* EditPropertyViewController.m */; };
		5884706B17E514AD00F89A6B /* BenchmarkLabService.m in Sources */ = {isa = PBXBuildFile; fileRef = 5884706A17E514AD00F89A6B /* BenchmarkLabService.m */; };
		5884706D17E5160700F89A6B /* Settings.bundle in Resources */ = {isa = PBXBuildFile; fileRef = 5884706C17E5160700F89A6B /* Settings.bundle */; };
		5884707017E519BA00F89A6B /* Run.m in Sources */ = {isa = PBXBuildFile; fileRef = 5884706F17E519BA00F89A6B /* Run.m */; };
		5884707417E51FE400F89A6B /* Constants.m in Sources */ = {isa = PBXBuildFile; fileRef = 5884707317E51FE400F89A6B /* Constants.m */; };
		5884708817E662B700F89A6B /* Utils.m in Sources */ = {isa = PBXBuildFile; fileRef = 5884708717E662B700F89A6B /* Utils.m */; };
		588AE1471A4430400058FEC3 /* AlfrescoFormViewController.m in Sources */ = {isa = PBXBuildFile; fileRef = 588AE1151A4430400058FEC3 /* AlfrescoFormViewController.m */; };
		588AE1481A4430400058FEC3 /* AlfrescoFormConstraint.m in Sources */ = {isa = PBXBuildFile; fileRef = 588AE1181A4430400058FEC3 /* AlfrescoFormConstraint.m */; };
		588AE1491A4430400058FEC3 /* AlfrescoFormListOfValuesConstraint.m in Sources */ = {isa = PBXBuildFile; fileRef = 588AE11A1A4430400058FEC3 /* AlfrescoFormListOfValuesConstraint.m */; };
		588AE14A1A4430400058FEC3 /* AlfrescoFormMandatoryConstraint.m in Sources */ = {isa = PBXBuildFile; fileRef = 588AE11C1A4430400058FEC3 /* AlfrescoFormMandatoryConstraint.m */; };
		588AE14B1A4430400058FEC3 /* AlfrescoFormMaximumLengthConstraint.m in Sources */ = {isa = PBXBuildFile; fileRef = 588AE11E1A4430400058FEC3 /* AlfrescoFormMaximumLengthConstraint.m */; };
		588AE14C1A4430400058FEC3 /* AlfrescoFormMinimumLengthConstraint.m in Sources */ = {isa = PBXBuildFile; fileRef = 588AE1201A4430400058FEC3 /* AlfrescoFormMinimumLengthConstraint.m */; };
		588AE14D1A4430400058FEC3 /* AlfrescoFormNumberRangeConstraint.m in Sources */ = {isa = PBXBuildFile; fileRef = 588AE1221A4430400058FEC3 /* AlfrescoFormNumberRangeConstraint.m */; };
		588AE14E1A4430400058FEC3 /* AlfrescoFormRegexConstraint.m in Sources */ = {isa = PBXBuildFile; fileRef = 588AE1241A4430400058FEC3 /* AlfrescoFormRegexConstraint.m */; };
		588AE14F1A4430400058FEC3 /* AlfrescoFormBooleanCell.m in Sources */ = {isa = PBXBuildFile; fileRef = 588AE1281A4430400058FEC3 /* AlfrescoFormBooleanCell.m */; };
		588AE1501A4430400058FEC3 /* AlfrescoFormBooleanCell.xib in Resources */ = {isa = PBXBuildFile; fileRef = 588AE1291A4430400058FEC3 /* AlfrescoFormBooleanCell.xib */; };
		588AE1511A4430400058FEC3 /* AlfrescoFormCell.m in Sources */ = {isa = PBXBuildFile; fileRef = 588AE12B1A4430400058FEC3 /* AlfrescoFormCell.m */; };
		588AE1521A4430400058FEC3 /* AlfrescoFormDateCell.m in Sources */ = {isa = PBXBuildFile; fileRef = 588AE12D1A4430400058FEC3 /* AlfrescoFormDateCell.m */; };
		588AE1531A4430400058FEC3 /* AlfrescoFormHiddenCell.m in Sources */ = {isa = PBXBuildFile; fileRef = 588AE12F1A4430400058FEC3 /* AlfrescoFormHiddenCell.m */; };
		588AE1541A4430400058FEC3 /* AlfrescoFormInformationCell.m in Sources */ = {isa = PBXBuildFile; fileRef = 588AE1311A4430400058FEC3 /* AlfrescoFormInformationCell.m */; };
		588AE1551A4430400058FEC3 /* AlfrescoFormListOfValuesCell.m in Sources */ = {isa = PBXBuildFile; fileRef = 588AE1331A4430400058FEC3 /* AlfrescoFormListOfValuesCell.m */; };
		588AE1561A4430400058FEC3 /* AlfrescoFormPickerCell.m in Sources */ = {isa = PBXBuildFile; fileRef = 588AE1351A4430400058FEC3 /* AlfrescoFormPickerCell.m */; };
		588AE1571A4430400058FEC3 /* AlfrescoFormTextCell.m in Sources */ = {isa = PBXBuildFile; fileRef = 588AE1371A4430400058FEC3 /* AlfrescoFormTextCell.m */; };
		588AE1581A4430400058FEC3 /* AlfrescoFormTextCell.xib in Resources */ = {isa = PBXBuildFile; fileRef = 588AE1381A4430400058FEC3 /* AlfrescoFormTextCell.xib */; };
		588AE1591A4430400058FEC3 /* AlfrescoDatePickerViewController.m in Sources */ = {isa = PBXBuildFile; fileRef = 588AE13B1A4430400058FEC3 /* AlfrescoDatePickerViewController.m */; };
		588AE15A1A4430400058FEC3 /* AlfrescoDatePickerViewController.xib in Resources */ = {isa = PBXBuildFile; fileRef = 588AE13C1A4430400058FEC3 /* AlfrescoDatePickerViewController.xib */; };
		588AE15B1A4430400058FEC3 /* AlfrescoListOfValuesPickerViewController.m in Sources */ = {isa = PBXBuildFile; fileRef = 588AE13E1A4430400058FEC3 /* AlfrescoListOfValuesPickerViewController.m */; };
		588AE15C1A4430400058FEC3 /* AlfrescoListOfValuesPickerViewController.xib in Resources */ = {isa = PBXBuildFile; fileRef = 588AE13F1A4430400058FEC3 /* AlfrescoListOfValuesPickerViewController.xib */; };
		588AE15D1A4430400058FEC3 /* AlfrescoForm.m in Sources */ = {isa = PBXBuildFile; fileRef = 588AE1421A4430400058FEC3 /* AlfrescoForm.m */; };
		588AE15E1A4430400058FEC3 /* AlfrescoFormField.m in Sources */ = {isa = PBXBuildFile; fileRef = 588AE1441A4430400058FEC3 /* AlfrescoFormField.m */; };
		588AE15F1A4430400058FEC3 /* AlfrescoFormFieldGroup.m in Sources */ = {isa = PBXBuildFile; fileRef = 588AE1461A4430400058FEC3 /* AlfrescoFormFieldGroup.m */; };
		588AE1621A4430FF0058FEC3 /* AddTestFormViewController.m in Sources */ = {isa = PBXBuildFile; fileRef = 588AE1611A4430FF0058FEC3 /* AddTestFormViewController.m */; };
		588AE1651A4449AE0058FEC3 /* AddRunFormViewController.m in Sources */ = {isa = PBXBuildFile; fileRef = 588AE1641A4449AE0058FEC3 /* AddRunFormViewController.m */; };
		588AE1681A4455D50058FEC3 /* run.png in Resources */ = {isa = PBXBuildFile; fileRef = 588AE1661A4455D50058FEC3 /* run.png */; };
		588AE1691A4455D50058FEC3 /* test.png in Resources */ = {isa = PBXBuildFile; fileRef = 588AE1671A4455D50058FEC3 /* test.png */; };
		58AA46F7185B6C16004B89B3 /* not-scheduled.png in Resources */ = {isa = PBXBuildFile; fileRef = 58AA46F5185B6C16004B89B3 /* not-scheduled.png */; };
		58AA46F8185B6C16004B89B3 /* not-scheduled@2x.png in Resources */ = {isa = PBXBuildFile; fileRef = 58AA46F6185B6C16004B89B3 /* not-scheduled@2x.png */; };
		58C90F2F17FF16A800DF23C4 /* BenchmarkObject.m in Sources */ = {isa = PBXBuildFile; fileRef = 58C90F2E17FF16A800DF23C4 /* BenchmarkObject.m */; };
		58E2334C17E79B8B006F941E /* Test.m in Sources */ = {isa = PBXBuildFile; fileRef = 58E2334B17E79B8B006F941E /* Test.m */; };
		58E2334F17E79D66006F941E /* Property.m in Sources */ = {isa = PBXBuildFile; fileRef = 58E2334E17E79D66006F941E /* Property.m */; };
		58E2335217E79F77006F941E /* RunStatus.m in Sources */ = {isa = PBXBuildFile; fileRef = 58E2335117E79F77006F941E /* RunStatus.m */; };
		58E2335F17EA4E31006F941E /* TestsViewController.m in Sources */ = {isa = PBXBuildFile; fileRef = 58E2335E17EA4E31006F941E /* TestsViewController.m */; };
		58E2336C17EC9CA5006F941E /* completed.png in Resources */ = {isa = PBXBuildFile; fileRef = 58E2336417EC9CA4006F941E /* completed.png */; };
		58E2336D17EC9CA5006F941E /* completed@2x.png in Resources */ = {isa = PBXBuildFile; fileRef = 58E2336517EC9CA4006F941E /* completed@2x.png */; };
		58E2336E17EC9CA5006F941E /* in-progress.png in Resources */ = {isa = PBXBuildFile; fileRef = 58E2336617EC9CA5006F941E /* in-progress.png */; };
		58E2336F17EC9CA5006F941E /* in-progress@2x.png in Resources */ = {isa = PBXBuildFile; fileRef = 58E2336717EC9CA5006F941E /* in-progress@2x.png */; };
		58E2337E17ECA0AC006F941E /* pending.png in Resources */ = {isa = PBXBuildFile; fileRef = 58E2337C17ECA0AB006F941E /* pending.png */; };
		58E2337F17ECA0AC006F941E /* pending@2x.png in Resources */ = {isa = PBXBuildFile; fileRef = 58E2337D17ECA0AB006F941E /* pending@2x.png */; };
		58E2338417ECA2AC006F941E /* app_icon_large.png in Resources */ = {isa = PBXBuildFile; fileRef = 58E2338017ECA2AC006F941E /* app_icon_large.png */; };
		58E2338617ECA2AC006F941E /* app_icon_small.png in Resources */ = {isa = PBXBuildFile; fileRef = 58E2338217ECA2AC006F941E /* app_icon_small.png */; };
		58E2338A17ECA327006F941E /* RunViewController.m in Sources */ = {isa = PBXBuildFile; fileRef = 58E2338917ECA327006F941E /* RunViewController.m */; };
		58E2338D17ECC521006F941E /* PropertiesViewController.m in Sources */ = {isa = PBXBuildFile; fileRef = 58E2338C17ECC520006F941E /* PropertiesViewController.m */; };
/* End PBXBuildFile section */

/* Begin PBXContainerItemProxy section */
		5831F8A017E43AAC00ADFE98 /* PBXContainerItemProxy */ = {
			isa = PBXContainerItemProxy;
			containerPortal = 5831F86A17E43AAC00ADFE98 /* Project object */;
			proxyType = 1;
			remoteGlobalIDString = 5831F87117E43AAC00ADFE98;
			remoteInfo = Benchmark;
		};
/* End PBXContainerItemProxy section */

/* Begin PBXFileReference section */
		04CEF413249461972A06E738 /* Pods.release.xcconfig */ = {isa = PBXFileReference; includeInIndex = 1; lastKnownFileType = text.xcconfig; name = Pods.release.xcconfig; path = "Pods/Target Support Files/Pods/Pods.release.xcconfig"; sourceTree = "<group>"; };
		50F0E838561E4142812F87CB /* libPods.a */ = {isa = PBXFileReference; explicitFileType = archive.ar; includeInIndex = 0; path = libPods.a; sourceTree = BUILT_PRODUCTS_DIR; };
		582E39F217EF85BD00A53ED3 /* TestViewController.h */ = {isa = PBXFileReference; fileEncoding = 4; lastKnownFileType = sourcecode.c.h; name = TestViewController.h; path = UI/TestViewController.h; sourceTree = "<group>"; };
		582E39F317EF85BD00A53ED3 /* TestViewController.m */ = {isa = PBXFileReference; fileEncoding = 4; lastKnownFileType = sourcecode.c.objc; lineEnding = 0; name = TestViewController.m; path = UI/TestViewController.m; sourceTree = "<group>"; xcLanguageSpecificationIdentifier = xcode.lang.objc; };
		5831F87217E43AAC00ADFE98 /* Benchmark.app */ = {isa = PBXFileReference; explicitFileType = wrapper.application; includeInIndex = 0; path = Benchmark.app; sourceTree = BUILT_PRODUCTS_DIR; };
		5831F87517E43AAC00ADFE98 /* UIKit.framework */ = {isa = PBXFileReference; lastKnownFileType = wrapper.framework; name = UIKit.framework; path = System/Library/Frameworks/UIKit.framework; sourceTree = SDKROOT; };
		5831F87717E43AAC00ADFE98 /* Foundation.framework */ = {isa = PBXFileReference; lastKnownFileType = wrapper.framework; name = Foundation.framework; path = System/Library/Frameworks/Foundation.framework; sourceTree = SDKROOT; };
		5831F87917E43AAC00ADFE98 /* CoreGraphics.framework */ = {isa = PBXFileReference; lastKnownFileType = wrapper.framework; name = CoreGraphics.framework; path = System/Library/Frameworks/CoreGraphics.framework; sourceTree = SDKROOT; };
		5831F87D17E43AAC00ADFE98 /* Benchmark-Info.plist */ = {isa = PBXFileReference; lastKnownFileType = text.plist.xml; path = "Benchmark-Info.plist"; sourceTree = "<group>"; };
		5831F87F17E43AAC00ADFE98 /* en */ = {isa = PBXFileReference; lastKnownFileType = text.plist.strings; name = en; path = en.lproj/InfoPlist.strings; sourceTree = "<group>"; };
		5831F88117E43AAC00ADFE98 /* main.m */ = {isa = PBXFileReference; lastKnownFileType = sourcecode.c.objc; path = main.m; sourceTree = "<group>"; };
		5831F88317E43AAC00ADFE98 /* Benchmark-Prefix.pch */ = {isa = PBXFileReference; lastKnownFileType = sourcecode.c.h; path = "Benchmark-Prefix.pch"; sourceTree = "<group>"; };
		5831F88417E43AAC00ADFE98 /* AppDelegate.h */ = {isa = PBXFileReference; lastKnownFileType = sourcecode.c.h; path = AppDelegate.h; sourceTree = "<group>"; };
		5831F88517E43AAC00ADFE98 /* AppDelegate.m */ = {isa = PBXFileReference; lastKnownFileType = sourcecode.c.objc; path = AppDelegate.m; sourceTree = "<group>"; };
		5831F88717E43AAC00ADFE98 /* Default.png */ = {isa = PBXFileReference; lastKnownFileType = image.png; path = Default.png; sourceTree = "<group>"; };
		5831F88917E43AAC00ADFE98 /* Default@2x.png */ = {isa = PBXFileReference; lastKnownFileType = image.png; path = "Default@2x.png"; sourceTree = "<group>"; };
		5831F88B17E43AAC00ADFE98 /* Default-568h@2x.png */ = {isa = PBXFileReference; lastKnownFileType = image.png; path = "Default-568h@2x.png"; sourceTree = "<group>"; };
		5831F89B17E43AAC00ADFE98 /* BenchmarkTests.xctest */ = {isa = PBXFileReference; explicitFileType = wrapper.cfbundle; includeInIndex = 0; path = BenchmarkTests.xctest; sourceTree = BUILT_PRODUCTS_DIR; };
		5831F8A417E43AAD00ADFE98 /* BenchmarkTests-Info.plist */ = {isa = PBXFileReference; lastKnownFileType = text.plist.xml; path = "BenchmarkTests-Info.plist"; sourceTree = "<group>"; };
		5831F8A617E43AAD00ADFE98 /* en */ = {isa = PBXFileReference; lastKnownFileType = text.plist.strings; name = en; path = en.lproj/InfoPlist.strings; sourceTree = "<group>"; };
		5834DB20192FD8F300C9F287 /* TestDefinition.h */ = {isa = PBXFileReference; fileEncoding = 4; lastKnownFileType = sourcecode.c.h; name = TestDefinition.h; path = Model/TestDefinition.h; sourceTree = "<group>"; };
		5834DB21192FD8F300C9F287 /* TestDefinition.m */ = {isa = PBXFileReference; fileEncoding = 4; lastKnownFileType = sourcecode.c.objc; name = TestDefinition.m; path = Model/TestDefinition.m; sourceTree = "<group>"; };
		5863F31618A2AB1E00C9FCA9 /* stopped.png */ = {isa = PBXFileReference; lastKnownFileType = image.png; path = stopped.png; sourceTree = "<group>"; };
		5863F31718A2AB1E00C9FCA9 /* stopped@2x.png */ = {isa = PBXFileReference; lastKnownFileType = image.png; path = "stopped@2x.png"; sourceTree = "<group>"; };
		5871DC241A3B363A004733CD /* ServiceTests.m */ = {isa = PBXFileReference; fileEncoding = 4; lastKnownFileType = sourcecode.c.objc; path = ServiceTests.m; sourceTree = "<group>"; };
		5871DC261A3B3661004733CD /* ModelTests.m */ = {isa = PBXFileReference; fileEncoding = 4; lastKnownFileType = sourcecode.c.objc; path = ModelTests.m; sourceTree = "<group>"; };
		587A9A3A17F34AB200D6D57B /* EditPropertyViewController.h */ = {isa = PBXFileReference; fileEncoding = 4; lastKnownFileType = sourcecode.c.h; name = EditPropertyViewController.h; path = UI/EditPropertyViewController.h; sourceTree = "<group>"; };
		587A9A3B17F34AB200D6D57B /* EditPropertyViewController.m */ = {isa = PBXFileReference; fileEncoding = 4; lastKnownFileType = sourcecode.c.objc; lineEnding = 0; name = EditPropertyViewController.m; path = UI/EditPropertyViewController.m; sourceTree = "<group>"; xcLanguageSpecificationIdentifier = xcode.lang.objc; };
		5884706917E514AD00F89A6B /* BenchmarkLabService.h */ = {isa = PBXFileReference; fileEncoding = 4; lastKnownFileType = sourcecode.c.h; name = BenchmarkLabService.h; path = Service/BenchmarkLabService.h; sourceTree = "<group>"; };
		5884706A17E514AD00F89A6B /* BenchmarkLabService.m */ = {isa = PBXFileReference; fileEncoding = 4; lastKnownFileType = sourcecode.c.objc; lineEnding = 0; name = BenchmarkLabService.m; path = Service/BenchmarkLabService.m; sourceTree = "<group>"; xcLanguageSpecificationIdentifier = xcode.lang.objc; };
		5884706C17E5160700F89A6B /* Settings.bundle */ = {isa = PBXFileReference; lastKnownFileType = "wrapper.plug-in"; path = Settings.bundle; sourceTree = "<group>"; };
		5884706E17E519BA00F89A6B /* Run.h */ = {isa = PBXFileReference; fileEncoding = 4; lastKnownFileType = sourcecode.c.h; name = Run.h; path = Model/Run.h; sourceTree = "<group>"; };
		5884706F17E519BA00F89A6B /* Run.m */ = {isa = PBXFileReference; fileEncoding = 4; lastKnownFileType = sourcecode.c.objc; name = Run.m; path = Model/Run.m; sourceTree = "<group>"; };
		5884707217E51FE400F89A6B /* Constants.h */ = {isa = PBXFileReference; fileEncoding = 4; lastKnownFileType = sourcecode.c.h; name = Constants.h; path = Common/Constants.h; sourceTree = "<group>"; };
		5884707317E51FE400F89A6B /* Constants.m */ = {isa = PBXFileReference; fileEncoding = 4; lastKnownFileType = sourcecode.c.objc; name = Constants.m; path = Common/Constants.m; sourceTree = "<group>"; };
		5884708617E662B700F89A6B /* Utils.h */ = {isa = PBXFileReference; fileEncoding = 4; lastKnownFileType = sourcecode.c.h; name = Utils.h; path = Common/Utils.h; sourceTree = "<group>"; };
		5884708717E662B700F89A6B /* Utils.m */ = {isa = PBXFileReference; fileEncoding = 4; lastKnownFileType = sourcecode.c.objc; name = Utils.m; path = Common/Utils.m; sourceTree = "<group>"; };
		588AE1141A4430400058FEC3 /* AlfrescoFormViewController.h */ = {isa = PBXFileReference; fileEncoding = 4; lastKnownFileType = sourcecode.c.h; path = AlfrescoFormViewController.h; sourceTree = "<group>"; };
		588AE1151A4430400058FEC3 /* AlfrescoFormViewController.m */ = {isa = PBXFileReference; fileEncoding = 4; lastKnownFileType = sourcecode.c.objc; path = AlfrescoFormViewController.m; sourceTree = "<group>"; };
		588AE1171A4430400058FEC3 /* AlfrescoFormConstraint.h */ = {isa = PBXFileReference; fileEncoding = 4; lastKnownFileType = sourcecode.c.h; path = AlfrescoFormConstraint.h; sourceTree = "<group>"; };
		588AE1181A4430400058FEC3 /* AlfrescoFormConstraint.m */ = {isa = PBXFileReference; fileEncoding = 4; lastKnownFileType = sourcecode.c.objc; path = AlfrescoFormConstraint.m; sourceTree = "<group>"; };
		588AE1191A4430400058FEC3 /* AlfrescoFormListOfValuesConstraint.h */ = {isa = PBXFileReference; fileEncoding = 4; lastKnownFileType = sourcecode.c.h; path = AlfrescoFormListOfValuesConstraint.h; sourceTree = "<group>"; };
		588AE11A1A4430400058FEC3 /* AlfrescoFormListOfValuesConstraint.m */ = {isa = PBXFileReference; fileEncoding = 4; lastKnownFileType = sourcecode.c.objc; path = AlfrescoFormListOfValuesConstraint.m; sourceTree = "<group>"; };
		588AE11B1A4430400058FEC3 /* AlfrescoFormMandatoryConstraint.h */ = {isa = PBXFileReference; fileEncoding = 4; lastKnownFileType = sourcecode.c.h; path = AlfrescoFormMandatoryConstraint.h; sourceTree = "<group>"; };
		588AE11C1A4430400058FEC3 /* AlfrescoFormMandatoryConstraint.m */ = {isa = PBXFileReference; fileEncoding = 4; lastKnownFileType = sourcecode.c.objc; path = AlfrescoFormMandatoryConstraint.m; sourceTree = "<group>"; };
		588AE11D1A4430400058FEC3 /* AlfrescoFormMaximumLengthConstraint.h */ = {isa = PBXFileReference; fileEncoding = 4; lastKnownFileType = sourcecode.c.h; path = AlfrescoFormMaximumLengthConstraint.h; sourceTree = "<group>"; };
		588AE11E1A4430400058FEC3 /* AlfrescoFormMaximumLengthConstraint.m */ = {isa = PBXFileReference; fileEncoding = 4; lastKnownFileType = sourcecode.c.objc; path = AlfrescoFormMaximumLengthConstraint.m; sourceTree = "<group>"; };
		588AE11F1A4430400058FEC3 /* AlfrescoFormMinimumLengthConstraint.h */ = {isa = PBXFileReference; fileEncoding = 4; lastKnownFileType = sourcecode.c.h; path = AlfrescoFormMinimumLengthConstraint.h; sourceTree = "<group>"; };
		588AE1201A4430400058FEC3 /* AlfrescoFormMinimumLengthConstraint.m */ = {isa = PBXFileReference; fileEncoding = 4; lastKnownFileType = sourcecode.c.objc; path = AlfrescoFormMinimumLengthConstraint.m; sourceTree = "<group>"; };
		588AE1211A4430400058FEC3 /* AlfrescoFormNumberRangeConstraint.h */ = {isa = PBXFileReference; fileEncoding = 4; lastKnownFileType = sourcecode.c.h; path = AlfrescoFormNumberRangeConstraint.h; sourceTree = "<group>"; };
		588AE1221A4430400058FEC3 /* AlfrescoFormNumberRangeConstraint.m */ = {isa = PBXFileReference; fileEncoding = 4; lastKnownFileType = sourcecode.c.objc; path = AlfrescoFormNumberRangeConstraint.m; sourceTree = "<group>"; };
		588AE1231A4430400058FEC3 /* AlfrescoFormRegexConstraint.h */ = {isa = PBXFileReference; fileEncoding = 4; lastKnownFileType = sourcecode.c.h; path = AlfrescoFormRegexConstraint.h; sourceTree = "<group>"; };
		588AE1241A4430400058FEC3 /* AlfrescoFormRegexConstraint.m */ = {isa = PBXFileReference; fileEncoding = 4; lastKnownFileType = sourcecode.c.objc; path = AlfrescoFormRegexConstraint.m; sourceTree = "<group>"; };
		588AE1271A4430400058FEC3 /* AlfrescoFormBooleanCell.h */ = {isa = PBXFileReference; fileEncoding = 4; lastKnownFileType = sourcecode.c.h; path = AlfrescoFormBooleanCell.h; sourceTree = "<group>"; };
		588AE1281A4430400058FEC3 /* AlfrescoFormBooleanCell.m */ = {isa = PBXFileReference; fileEncoding = 4; lastKnownFileType = sourcecode.c.objc; path = AlfrescoFormBooleanCell.m; sourceTree = "<group>"; };
		588AE1291A4430400058FEC3 /* AlfrescoFormBooleanCell.xib */ = {isa = PBXFileReference; fileEncoding = 4; lastKnownFileType = file.xib; path = AlfrescoFormBooleanCell.xib; sourceTree = "<group>"; };
		588AE12A1A4430400058FEC3 /* AlfrescoFormCell.h */ = {isa = PBXFileReference; fileEncoding = 4; lastKnownFileType = sourcecode.c.h; path = AlfrescoFormCell.h; sourceTree = "<group>"; };
		588AE12B1A4430400058FEC3 /* AlfrescoFormCell.m */ = {isa = PBXFileReference; fileEncoding = 4; lastKnownFileType = sourcecode.c.objc; path = AlfrescoFormCell.m; sourceTree = "<group>"; };
		588AE12C1A4430400058FEC3 /* AlfrescoFormDateCell.h */ = {isa = PBXFileReference; fileEncoding = 4; lastKnownFileType = sourcecode.c.h; path = AlfrescoFormDateCell.h; sourceTree = "<group>"; };
		588AE12D1A4430400058FEC3 /* AlfrescoFormDateCell.m */ = {isa = PBXFileReference; fileEncoding = 4; lastKnownFileType = sourcecode.c.objc; path = AlfrescoFormDateCell.m; sourceTree = "<group>"; };
		588AE12E1A4430400058FEC3 /* AlfrescoFormHiddenCell.h */ = {isa = PBXFileReference; fileEncoding = 4; lastKnownFileType = sourcecode.c.h; path = AlfrescoFormHiddenCell.h; sourceTree = "<group>"; };
		588AE12F1A4430400058FEC3 /* AlfrescoFormHiddenCell.m */ = {isa = PBXFileReference; fileEncoding = 4; lastKnownFileType = sourcecode.c.objc; path = AlfrescoFormHiddenCell.m; sourceTree = "<group>"; };
		588AE1301A4430400058FEC3 /* AlfrescoFormInformationCell.h */ = {isa = PBXFileReference; fileEncoding = 4; lastKnownFileType = sourcecode.c.h; path = AlfrescoFormInformationCell.h; sourceTree = "<group>"; };
		588AE1311A4430400058FEC3 /* AlfrescoFormInformationCell.m */ = {isa = PBXFileReference; fileEncoding = 4; lastKnownFileType = sourcecode.c.objc; path = AlfrescoFormInformationCell.m; sourceTree = "<group>"; };
		588AE1321A4430400058FEC3 /* AlfrescoFormListOfValuesCell.h */ = {isa = PBXFileReference; fileEncoding = 4; lastKnownFileType = sourcecode.c.h; path = AlfrescoFormListOfValuesCell.h; sourceTree = "<group>"; };
		588AE1331A4430400058FEC3 /* AlfrescoFormListOfValuesCell.m */ = {isa = PBXFileReference; fileEncoding = 4; lastKnownFileType = sourcecode.c.objc; path = AlfrescoFormListOfValuesCell.m; sourceTree = "<group>"; };
		588AE1341A4430400058FEC3 /* AlfrescoFormPickerCell.h */ = {isa = PBXFileReference; fileEncoding = 4; lastKnownFileType = sourcecode.c.h; path = AlfrescoFormPickerCell.h; sourceTree = "<group>"; };
		588AE1351A4430400058FEC3 /* AlfrescoFormPickerCell.m */ = {isa = PBXFileReference; fileEncoding = 4; lastKnownFileType = sourcecode.c.objc; path = AlfrescoFormPickerCell.m; sourceTree = "<group>"; };
		588AE1361A4430400058FEC3 /* AlfrescoFormTextCell.h */ = {isa = PBXFileReference; fileEncoding = 4; lastKnownFileType = sourcecode.c.h; path = AlfrescoFormTextCell.h; sourceTree = "<group>"; };
		588AE1371A4430400058FEC3 /* AlfrescoFormTextCell.m */ = {isa = PBXFileReference; fileEncoding = 4; lastKnownFileType = sourcecode.c.objc; path = AlfrescoFormTextCell.m; sourceTree = "<group>"; };
		588AE1381A4430400058FEC3 /* AlfrescoFormTextCell.xib */ = {isa = PBXFileReference; fileEncoding = 4; lastKnownFileType = file.xib; path = AlfrescoFormTextCell.xib; sourceTree = "<group>"; };
		588AE13A1A4430400058FEC3 /* AlfrescoDatePickerViewController.h */ = {isa = PBXFileReference; fileEncoding = 4; lastKnownFileType = sourcecode.c.h; path = AlfrescoDatePickerViewController.h; sourceTree = "<group>"; };
		588AE13B1A4430400058FEC3 /* AlfrescoDatePickerViewController.m */ = {isa = PBXFileReference; fileEncoding = 4; lastKnownFileType = sourcecode.c.objc; path = AlfrescoDatePickerViewController.m; sourceTree = "<group>"; };
		588AE13C1A4430400058FEC3 /* AlfrescoDatePickerViewController.xib */ = {isa = PBXFileReference; fileEncoding = 4; lastKnownFileType = file.xib; path = AlfrescoDatePickerViewController.xib; sourceTree = "<group>"; };
		588AE13D1A4430400058FEC3 /* AlfrescoListOfValuesPickerViewController.h */ = {isa = PBXFileReference; fileEncoding = 4; lastKnownFileType = sourcecode.c.h; path = AlfrescoListOfValuesPickerViewController.h; sourceTree = "<group>"; };
		588AE13E1A4430400058FEC3 /* AlfrescoListOfValuesPickerViewController.m */ = {isa = PBXFileReference; fileEncoding = 4; lastKnownFileType = sourcecode.c.objc; path = AlfrescoListOfValuesPickerViewController.m; sourceTree = "<group>"; };
		588AE13F1A4430400058FEC3 /* AlfrescoListOfValuesPickerViewController.xib */ = {isa = PBXFileReference; fileEncoding = 4; lastKnownFileType = file.xib; path = AlfrescoListOfValuesPickerViewController.xib; sourceTree = "<group>"; };
		588AE1411A4430400058FEC3 /* AlfrescoForm.h */ = {isa = PBXFileReference; fileEncoding = 4; lastKnownFileType = sourcecode.c.h; path = AlfrescoForm.h; sourceTree = "<group>"; };
		588AE1421A4430400058FEC3 /* AlfrescoForm.m */ = {isa = PBXFileReference; fileEncoding = 4; lastKnownFileType = sourcecode.c.objc; path = AlfrescoForm.m; sourceTree = "<group>"; };
		588AE1431A4430400058FEC3 /* AlfrescoFormField.h */ = {isa = PBXFileReference; fileEncoding = 4; lastKnownFileType = sourcecode.c.h; path = AlfrescoFormField.h; sourceTree = "<group>"; };
		588AE1441A4430400058FEC3 /* AlfrescoFormField.m */ = {isa = PBXFileReference; fileEncoding = 4; lastKnownFileType = sourcecode.c.objc; path = AlfrescoFormField.m; sourceTree = "<group>"; };
		588AE1451A4430400058FEC3 /* AlfrescoFormFieldGroup.h */ = {isa = PBXFileReference; fileEncoding = 4; lastKnownFileType = sourcecode.c.h; path = AlfrescoFormFieldGroup.h; sourceTree = "<group>"; };
		588AE1461A4430400058FEC3 /* AlfrescoFormFieldGroup.m */ = {isa = PBXFileReference; fileEncoding = 4; lastKnownFileType = sourcecode.c.objc; path = AlfrescoFormFieldGroup.m; sourceTree = "<group>"; };
		588AE1601A4430FF0058FEC3 /* AddTestFormViewController.h */ = {isa = PBXFileReference; fileEncoding = 4; lastKnownFileType = sourcecode.c.h; name = AddTestFormViewController.h; path = UI/AddTestFormViewController.h; sourceTree = "<group>"; };
		588AE1611A4430FF0058FEC3 /* AddTestFormViewController.m */ = {isa = PBXFileReference; fileEncoding = 4; lastKnownFileType = sourcecode.c.objc; name = AddTestFormViewController.m; path = UI/AddTestFormViewController.m; sourceTree = "<group>"; };
		588AE1631A4449AE0058FEC3 /* AddRunFormViewController.h */ = {isa = PBXFileReference; fileEncoding = 4; lastKnownFileType = sourcecode.c.h; name = AddRunFormViewController.h; path = UI/AddRunFormViewController.h; sourceTree = "<group>"; };
		588AE1641A4449AE0058FEC3 /* AddRunFormViewController.m */ = {isa = PBXFileReference; fileEncoding = 4; lastKnownFileType = sourcecode.c.objc; name = AddRunFormViewController.m; path = UI/AddRunFormViewController.m; sourceTree = "<group>"; };
		588AE1661A4455D50058FEC3 /* run.png */ = {isa = PBXFileReference; lastKnownFileType = image.png; path = run.png; sourceTree = "<group>"; };
		588AE1671A4455D50058FEC3 /* test.png */ = {isa = PBXFileReference; lastKnownFileType = image.png; path = test.png; sourceTree = "<group>"; };
		58AA46F5185B6C16004B89B3 /* not-scheduled.png */ = {isa = PBXFileReference; lastKnownFileType = image.png; path = "not-scheduled.png"; sourceTree = "<group>"; };
		58AA46F6185B6C16004B89B3 /* not-scheduled@2x.png */ = {isa = PBXFileReference; lastKnownFileType = image.png; path = "not-scheduled@2x.png"; sourceTree = "<group>"; };
		58AA490B19ADBF940094185D /* Benchmark.entitlements */ = {isa = PBXFileReference; lastKnownFileType = text.xml; path = Benchmark.entitlements; sourceTree = "<group>"; };
		58C90F2D17FF16A800DF23C4 /* BenchmarkObject.h */ = {isa = PBXFileReference; fileEncoding = 4; lastKnownFileType = sourcecode.c.h; name = BenchmarkObject.h; path = Model/BenchmarkObject.h; sourceTree = "<group>"; };
		58C90F2E17FF16A800DF23C4 /* BenchmarkObject.m */ = {isa = PBXFileReference; fileEncoding = 4; lastKnownFileType = sourcecode.c.objc; name = BenchmarkObject.m; path = Model/BenchmarkObject.m; sourceTree = "<group>"; };
		58E2334A17E79B8B006F941E /* Test.h */ = {isa = PBXFileReference; fileEncoding = 4; lastKnownFileType = sourcecode.c.h; name = Test.h; path = Model/Test.h; sourceTree = "<group>"; };
		58E2334B17E79B8B006F941E /* Test.m */ = {isa = PBXFileReference; fileEncoding = 4; lastKnownFileType = sourcecode.c.objc; name = Test.m; path = Model/Test.m; sourceTree = "<group>"; };
		58E2334D17E79D66006F941E /* Property.h */ = {isa = PBXFileReference; fileEncoding = 4; lastKnownFileType = sourcecode.c.h; name = Property.h; path = Model/Property.h; sourceTree = "<group>"; };
		58E2334E17E79D66006F941E /* Property.m */ = {isa = PBXFileReference; fileEncoding = 4; lastKnownFileType = sourcecode.c.objc; name = Property.m; path = Model/Property.m; sourceTree = "<group>"; };
		58E2335017E79F77006F941E /* RunStatus.h */ = {isa = PBXFileReference; fileEncoding = 4; lastKnownFileType = sourcecode.c.h; name = RunStatus.h; path = Model/RunStatus.h; sourceTree = "<group>"; };
		58E2335117E79F77006F941E /* RunStatus.m */ = {isa = PBXFileReference; fileEncoding = 4; lastKnownFileType = sourcecode.c.objc; name = RunStatus.m; path = Model/RunStatus.m; sourceTree = "<group>"; };
		58E2335317E9059F006F941E /* BenchmarkService.h */ = {isa = PBXFileReference; lastKnownFileType = sourcecode.c.h; lineEnding = 0; name = BenchmarkService.h; path = Service/BenchmarkService.h; sourceTree = "<group>"; xcLanguageSpecificationIdentifier = xcode.lang.objcpp; };
		58E2335D17EA4E31006F941E /* TestsViewController.h */ = {isa = PBXFileReference; fileEncoding = 4; lastKnownFileType = sourcecode.c.h; name = TestsViewController.h; path = UI/TestsViewController.h; sourceTree = "<group>"; };
		58E2335E17EA4E31006F941E /* TestsViewController.m */ = {isa = PBXFileReference; fileEncoding = 4; lastKnownFileType = sourcecode.c.objc; name = TestsViewController.m; path = UI/TestsViewController.m; sourceTree = "<group>"; };
		58E2336417EC9CA4006F941E /* completed.png */ = {isa = PBXFileReference; lastKnownFileType = image.png; path = completed.png; sourceTree = "<group>"; };
		58E2336517EC9CA4006F941E /* completed@2x.png */ = {isa = PBXFileReference; lastKnownFileType = image.png; path = "completed@2x.png"; sourceTree = "<group>"; };
		58E2336617EC9CA5006F941E /* in-progress.png */ = {isa = PBXFileReference; lastKnownFileType = image.png; path = "in-progress.png"; sourceTree = "<group>"; };
		58E2336717EC9CA5006F941E /* in-progress@2x.png */ = {isa = PBXFileReference; lastKnownFileType = image.png; path = "in-progress@2x.png"; sourceTree = "<group>"; };
		58E2337C17ECA0AB006F941E /* pending.png */ = {isa = PBXFileReference; lastKnownFileType = image.png; path = pending.png; sourceTree = "<group>"; };
		58E2337D17ECA0AB006F941E /* pending@2x.png */ = {isa = PBXFileReference; lastKnownFileType = image.png; path = "pending@2x.png"; sourceTree = "<group>"; };
		58E2338017ECA2AC006F941E /* app_icon_large.png */ = {isa = PBXFileReference; lastKnownFileType = image.png; path = app_icon_large.png; sourceTree = "<group>"; };
		58E2338217ECA2AC006F941E /* app_icon_small.png */ = {isa = PBXFileReference; lastKnownFileType = image.png; path = app_icon_small.png; sourceTree = "<group>"; };
		58E2338817ECA326006F941E /* RunViewController.h */ = {isa = PBXFileReference; fileEncoding = 4; lastKnownFileType = sourcecode.c.h; name = RunViewController.h; path = UI/RunViewController.h; sourceTree = "<group>"; };
		58E2338917ECA327006F941E /* RunViewController.m */ = {isa = PBXFileReference; fileEncoding = 4; lastKnownFileType = sourcecode.c.objc; lineEnding = 0; name = RunViewController.m; path = UI/RunViewController.m; sourceTree = "<group>"; xcLanguageSpecificationIdentifier = xcode.lang.objc; };
		58E2338B17ECC520006F941E /* PropertiesViewController.h */ = {isa = PBXFileReference; fileEncoding = 4; lastKnownFileType = sourcecode.c.h; name = PropertiesViewController.h; path = UI/PropertiesViewController.h; sourceTree = "<group>"; };
		58E2338C17ECC520006F941E /* PropertiesViewController.m */ = {isa = PBXFileReference; fileEncoding = 4; lastKnownFileType = sourcecode.c.objc; name = PropertiesViewController.m; path = UI/PropertiesViewController.m; sourceTree = "<group>"; };
		677D358E07B1B48031EFFD66 /* Pods.ad hoc.xcconfig */ = {isa = PBXFileReference; includeInIndex = 1; lastKnownFileType = text.xcconfig; name = "Pods.ad hoc.xcconfig"; path = "Pods/Target Support Files/Pods/Pods.ad hoc.xcconfig"; sourceTree = "<group>"; };
		9D023539C9F256A3EFCBE160 /* Pods.debug.xcconfig */ = {isa = PBXFileReference; includeInIndex = 1; lastKnownFileType = text.xcconfig; name = Pods.debug.xcconfig; path = "Pods/Target Support Files/Pods/Pods.debug.xcconfig"; sourceTree = "<group>"; };
/* End PBXFileReference section */

/* Begin PBXFrameworksBuildPhase section */
		5831F86F17E43AAC00ADFE98 /* Frameworks */ = {
			isa = PBXFrameworksBuildPhase;
			buildActionMask = 2147483647;
			files = (
				5831F87617E43AAC00ADFE98 /* UIKit.framework in Frameworks */,
				5831F87817E43AAC00ADFE98 /* Foundation.framework in Frameworks */,
				5831F87A17E43AAC00ADFE98 /* CoreGraphics.framework in Frameworks */,
				15D975A661B04B2391BE0599 /* libPods.a in Frameworks */,
			);
			runOnlyForDeploymentPostprocessing = 0;
		};
		5831F89717E43AAC00ADFE98 /* Frameworks */ = {
			isa = PBXFrameworksBuildPhase;
			buildActionMask = 2147483647;
			files = (
				5831F89E17E43AAC00ADFE98 /* UIKit.framework in Frameworks */,
				5831F89F17E43AAC00ADFE98 /* Foundation.framework in Frameworks */,
			);
			runOnlyForDeploymentPostprocessing = 0;
		};
/* End PBXFrameworksBuildPhase section */

/* Begin PBXGroup section */
		5831F86917E43AAC00ADFE98 = {
			isa = PBXGroup;
			children = (
				5831F87B17E43AAC00ADFE98 /* Benchmark */,
				5831F8A217E43AAC00ADFE98 /* BenchmarkTests */,
				5831F87417E43AAC00ADFE98 /* Frameworks */,
				5831F87317E43AAC00ADFE98 /* Products */,
				9145B30FDE4DCB6D230A0FE0 /* Pods */,
			);
			sourceTree = "<group>";
		};
		5831F87317E43AAC00ADFE98 /* Products */ = {
			isa = PBXGroup;
			children = (
				5831F87217E43AAC00ADFE98 /* Benchmark.app */,
				5831F89B17E43AAC00ADFE98 /* BenchmarkTests.xctest */,
			);
			name = Products;
			sourceTree = "<group>";
		};
		5831F87417E43AAC00ADFE98 /* Frameworks */ = {
			isa = PBXGroup;
			children = (
				5831F87517E43AAC00ADFE98 /* UIKit.framework */,
				5831F87717E43AAC00ADFE98 /* Foundation.framework */,
				5831F87917E43AAC00ADFE98 /* CoreGraphics.framework */,
				50F0E838561E4142812F87CB /* libPods.a */,
			);
			name = Frameworks;
			sourceTree = "<group>";
		};
		5831F87B17E43AAC00ADFE98 /* Benchmark */ = {
			isa = PBXGroup;
			children = (
				5884707117E51FC000F89A6B /* Common */,
				5884705D17E5121400F89A6B /* Model */,
				5884706417E5138400F89A6B /* UI */,
				5884706517E5138B00F89A6B /* Service */,
				5831F88417E43AAC00ADFE98 /* AppDelegate.h */,
				5831F88517E43AAC00ADFE98 /* AppDelegate.m */,
				5884707517E5237B00F89A6B /* Resources */,
				5831F87C17E43AAC00ADFE98 /* Supporting Files */,
			);
			path = Benchmark;
			sourceTree = "<group>";
		};
		5831F87C17E43AAC00ADFE98 /* Supporting Files */ = {
			isa = PBXGroup;
			children = (
				58AA490B19ADBF940094185D /* Benchmark.entitlements */,
				5884706C17E5160700F89A6B /* Settings.bundle */,
				5831F87D17E43AAC00ADFE98 /* Benchmark-Info.plist */,
				5831F87E17E43AAC00ADFE98 /* InfoPlist.strings */,
				5831F88117E43AAC00ADFE98 /* main.m */,
				5831F88317E43AAC00ADFE98 /* Benchmark-Prefix.pch */,
				5831F88717E43AAC00ADFE98 /* Default.png */,
				5831F88917E43AAC00ADFE98 /* Default@2x.png */,
				5831F88B17E43AAC00ADFE98 /* Default-568h@2x.png */,
			);
			name = "Supporting Files";
			sourceTree = "<group>";
		};
		5831F8A217E43AAC00ADFE98 /* BenchmarkTests */ = {
			isa = PBXGroup;
			children = (
				5871DC261A3B3661004733CD /* ModelTests.m */,
				5871DC241A3B363A004733CD /* ServiceTests.m */,
				5831F8A317E43AAD00ADFE98 /* Supporting Files */,
			);
			path = BenchmarkTests;
			sourceTree = "<group>";
		};
		5831F8A317E43AAD00ADFE98 /* Supporting Files */ = {
			isa = PBXGroup;
			children = (
				5831F8A417E43AAD00ADFE98 /* BenchmarkTests-Info.plist */,
				5831F8A517E43AAD00ADFE98 /* InfoPlist.strings */,
			);
			name = "Supporting Files";
			sourceTree = "<group>";
		};
		5884705D17E5121400F89A6B /* Model */ = {
			isa = PBXGroup;
			children = (
				58C90F2D17FF16A800DF23C4 /* BenchmarkObject.h */,
				58C90F2E17FF16A800DF23C4 /* BenchmarkObject.m */,
				58E2334D17E79D66006F941E /* Property.h */,
				58E2334E17E79D66006F941E /* Property.m */,
				5884706E17E519BA00F89A6B /* Run.h */,
				5884706F17E519BA00F89A6B /* Run.m */,
				58E2335017E79F77006F941E /* RunStatus.h */,
				58E2335117E79F77006F941E /* RunStatus.m */,
				58E2334A17E79B8B006F941E /* Test.h */,
				58E2334B17E79B8B006F941E /* Test.m */,
				5834DB20192FD8F300C9F287 /* TestDefinition.h */,
				5834DB21192FD8F300C9F287 /* TestDefinition.m */,
			);
			name = Model;
			sourceTree = "<group>";
		};
		5884706417E5138400F89A6B /* UI */ = {
			isa = PBXGroup;
			children = (
				588AE1631A4449AE0058FEC3 /* AddRunFormViewController.h */,
				588AE1641A4449AE0058FEC3 /* AddRunFormViewController.m */,
				588AE1601A4430FF0058FEC3 /* AddTestFormViewController.h */,
				588AE1611A4430FF0058FEC3 /* AddTestFormViewController.m */,
				587A9A3A17F34AB200D6D57B /* EditPropertyViewController.h */,
				587A9A3B17F34AB200D6D57B /* EditPropertyViewController.m */,
				58E2338B17ECC520006F941E /* PropertiesViewController.h */,
				58E2338C17ECC520006F941E /* PropertiesViewController.m */,
				58E2338817ECA326006F941E /* RunViewController.h */,
				58E2338917ECA327006F941E /* RunViewController.m */,
				582E39F217EF85BD00A53ED3 /* TestViewController.h */,
				582E39F317EF85BD00A53ED3 /* TestViewController.m */,
				58E2335D17EA4E31006F941E /* TestsViewController.h */,
				58E2335E17EA4E31006F941E /* TestsViewController.m */,
				588AE1131A4430400058FEC3 /* Forms */,
			);
			name = UI;
			sourceTree = "<group>";
		};
		5884706517E5138B00F89A6B /* Service */ = {
			isa = PBXGroup;
			children = (
				5884706917E514AD00F89A6B /* BenchmarkLabService.h */,
				5884706A17E514AD00F89A6B /* BenchmarkLabService.m */,
				58E2335317E9059F006F941E /* BenchmarkService.h */,
			);
			name = Service;
			sourceTree = "<group>";
		};
		5884707117E51FC000F89A6B /* Common */ = {
			isa = PBXGroup;
			children = (
				5884707217E51FE400F89A6B /* Constants.h */,
				5884707317E51FE400F89A6B /* Constants.m */,
				5884708617E662B700F89A6B /* Utils.h */,
				5884708717E662B700F89A6B /* Utils.m */,
			);
			name = Common;
			sourceTree = "<group>";
		};
		5884707517E5237B00F89A6B /* Resources */ = {
			isa = PBXGroup;
			children = (
				588AE1661A4455D50058FEC3 /* run.png */,
				588AE1671A4455D50058FEC3 /* test.png */,
				5863F31618A2AB1E00C9FCA9 /* stopped.png */,
				5863F31718A2AB1E00C9FCA9 /* stopped@2x.png */,
				58AA46F5185B6C16004B89B3 /* not-scheduled.png */,
				58AA46F6185B6C16004B89B3 /* not-scheduled@2x.png */,
				58E2338017ECA2AC006F941E /* app_icon_large.png */,
				58E2338217ECA2AC006F941E /* app_icon_small.png */,
				58E2336417EC9CA4006F941E /* completed.png */,
				58E2336517EC9CA4006F941E /* completed@2x.png */,
				58E2336617EC9CA5006F941E /* in-progress.png */,
				58E2336717EC9CA5006F941E /* in-progress@2x.png */,
				58E2337C17ECA0AB006F941E /* pending.png */,
				58E2337D17ECA0AB006F941E /* pending@2x.png */,
			);
			path = Resources;
			sourceTree = "<group>";
		};
		588AE1131A4430400058FEC3 /* Forms */ = {
			isa = PBXGroup;
			children = (
				588AE1141A4430400058FEC3 /* AlfrescoFormViewController.h */,
				588AE1151A4430400058FEC3 /* AlfrescoFormViewController.m */,
				588AE1161A4430400058FEC3 /* Constraints */,
				588AE1251A4430400058FEC3 /* Controls */,
				588AE1401A4430400058FEC3 /* Model */,
			);
			name = Forms;
			path = UI/Forms;
			sourceTree = "<group>";
		};
		588AE1161A4430400058FEC3 /* Constraints */ = {
			isa = PBXGroup;
			children = (
				588AE1171A4430400058FEC3 /* AlfrescoFormConstraint.h */,
				588AE1181A4430400058FEC3 /* AlfrescoFormConstraint.m */,
				588AE1191A4430400058FEC3 /* AlfrescoFormListOfValuesConstraint.h */,
				588AE11A1A4430400058FEC3 /* AlfrescoFormListOfValuesConstraint.m */,
				588AE11B1A4430400058FEC3 /* AlfrescoFormMandatoryConstraint.h */,
				588AE11C1A4430400058FEC3 /* AlfrescoFormMandatoryConstraint.m */,
				588AE11D1A4430400058FEC3 /* AlfrescoFormMaximumLengthConstraint.h */,
				588AE11E1A4430400058FEC3 /* AlfrescoFormMaximumLengthConstraint.m */,
				588AE11F1A4430400058FEC3 /* AlfrescoFormMinimumLengthConstraint.h */,
				588AE1201A4430400058FEC3 /* AlfrescoFormMinimumLengthConstraint.m */,
				588AE1211A4430400058FEC3 /* AlfrescoFormNumberRangeConstraint.h */,
				588AE1221A4430400058FEC3 /* AlfrescoFormNumberRangeConstraint.m */,
				588AE1231A4430400058FEC3 /* AlfrescoFormRegexConstraint.h */,
				588AE1241A4430400058FEC3 /* AlfrescoFormRegexConstraint.m */,
			);
			path = Constraints;
			sourceTree = "<group>";
		};
		588AE1251A4430400058FEC3 /* Controls */ = {
			isa = PBXGroup;
			children = (
				588AE1261A4430400058FEC3 /* Cells */,
				588AE1391A4430400058FEC3 /* Pickers */,
			);
			path = Controls;
			sourceTree = "<group>";
		};
		588AE1261A4430400058FEC3 /* Cells */ = {
			isa = PBXGroup;
			children = (
				588AE1271A4430400058FEC3 /* AlfrescoFormBooleanCell.h */,
				588AE1281A4430400058FEC3 /* AlfrescoFormBooleanCell.m */,
				588AE1291A4430400058FEC3 /* AlfrescoFormBooleanCell.xib */,
				588AE12A1A4430400058FEC3 /* AlfrescoFormCell.h */,
				588AE12B1A4430400058FEC3 /* AlfrescoFormCell.m */,
				588AE12C1A4430400058FEC3 /* AlfrescoFormDateCell.h */,
				588AE12D1A4430400058FEC3 /* AlfrescoFormDateCell.m */,
				588AE12E1A4430400058FEC3 /* AlfrescoFormHiddenCell.h */,
				588AE12F1A4430400058FEC3 /* AlfrescoFormHiddenCell.m */,
				588AE1301A4430400058FEC3 /* AlfrescoFormInformationCell.h */,
				588AE1311A4430400058FEC3 /* AlfrescoFormInformationCell.m */,
				588AE1321A4430400058FEC3 /* AlfrescoFormListOfValuesCell.h */,
				588AE1331A4430400058FEC3 /* AlfrescoFormListOfValuesCell.m */,
				588AE1341A4430400058FEC3 /* AlfrescoFormPickerCell.h */,
				588AE1351A4430400058FEC3 /* AlfrescoFormPickerCell.m */,
				588AE1361A4430400058FEC3 /* AlfrescoFormTextCell.h */,
				588AE1371A4430400058FEC3 /* AlfrescoFormTextCell.m */,
				588AE1381A4430400058FEC3 /* AlfrescoFormTextCell.xib */,
			);
			path = Cells;
			sourceTree = "<group>";
		};
		588AE1391A4430400058FEC3 /* Pickers */ = {
			isa = PBXGroup;
			children = (
				588AE13A1A4430400058FEC3 /* AlfrescoDatePickerViewController.h */,
				588AE13B1A4430400058FEC3 /* AlfrescoDatePickerViewController.m */,
				588AE13C1A4430400058FEC3 /* AlfrescoDatePickerViewController.xib */,
				588AE13D1A4430400058FEC3 /* AlfrescoListOfValuesPickerViewController.h */,
				588AE13E1A4430400058FEC3 /* AlfrescoListOfValuesPickerViewController.m */,
				588AE13F1A4430400058FEC3 /* AlfrescoListOfValuesPickerViewController.xib */,
			);
			path = Pickers;
			sourceTree = "<group>";
		};
		588AE1401A4430400058FEC3 /* Model */ = {
			isa = PBXGroup;
			children = (
				588AE1411A4430400058FEC3 /* AlfrescoForm.h */,
				588AE1421A4430400058FEC3 /* AlfrescoForm.m */,
				588AE1431A4430400058FEC3 /* AlfrescoFormField.h */,
				588AE1441A4430400058FEC3 /* AlfrescoFormField.m */,
				588AE1451A4430400058FEC3 /* AlfrescoFormFieldGroup.h */,
				588AE1461A4430400058FEC3 /* AlfrescoFormFieldGroup.m */,
			);
			path = Model;
			sourceTree = "<group>";
		};
		9145B30FDE4DCB6D230A0FE0 /* Pods */ = {
			isa = PBXGroup;
			children = (
				9D023539C9F256A3EFCBE160 /* Pods.debug.xcconfig */,
				04CEF413249461972A06E738 /* Pods.release.xcconfig */,
				677D358E07B1B48031EFFD66 /* Pods.ad hoc.xcconfig */,
			);
			name = Pods;
			sourceTree = "<group>";
		};
/* End PBXGroup section */

/* Begin PBXNativeTarget section */
		5831F87117E43AAC00ADFE98 /* Benchmark */ = {
			isa = PBXNativeTarget;
			buildConfigurationList = 5831F8AD17E43AAD00ADFE98 /* Build configuration list for PBXNativeTarget "Benchmark" */;
			buildPhases = (
				E666276E3E8A44B6ABFC406D /* Check Pods Manifest.lock */,
				5831F86E17E43AAC00ADFE98 /* Sources */,
				5831F86F17E43AAC00ADFE98 /* Frameworks */,
				5831F87017E43AAC00ADFE98 /* Resources */,
				DFD2D48CDEE24BFCBD95690A /* Copy Pods Resources */,
			);
			buildRules = (
			);
			dependencies = (
			);
			name = Benchmark;
			productName = Benchmark;
			productReference = 5831F87217E43AAC00ADFE98 /* Benchmark.app */;
			productType = "com.apple.product-type.application";
		};
		5831F89A17E43AAC00ADFE98 /* BenchmarkTests */ = {
			isa = PBXNativeTarget;
			buildConfigurationList = 5831F8B017E43AAD00ADFE98 /* Build configuration list for PBXNativeTarget "BenchmarkTests" */;
			buildPhases = (
				5831F89617E43AAC00ADFE98 /* Sources */,
				5831F89717E43AAC00ADFE98 /* Frameworks */,
				5831F89817E43AAC00ADFE98 /* Resources */,
				5831F89917E43AAC00ADFE98 /* ShellScript */,
			);
			buildRules = (
			);
			dependencies = (
				5831F8A117E43AAC00ADFE98 /* PBXTargetDependency */,
			);
			name = BenchmarkTests;
			productName = BenchmarkTests;
			productReference = 5831F89B17E43AAC00ADFE98 /* BenchmarkTests.xctest */;
			productType = "com.apple.product-type.bundle.unit-test";
		};
/* End PBXNativeTarget section */

/* Begin PBXProject section */
		5831F86A17E43AAC00ADFE98 /* Project object */ = {
			isa = PBXProject;
			attributes = {
				LastTestingUpgradeCheck = 0610;
				LastUpgradeCheck = 0460;
				ORGANIZATIONNAME = Alfresco;
				TargetAttributes = {
					5831F87117E43AAC00ADFE98 = {
						DevelopmentTeam = W8N95J537P;
						SystemCapabilities = {
							com.apple.Keychain = {
								enabled = 1;
							};
						};
					};
				};
			};
			buildConfigurationList = 5831F86D17E43AAC00ADFE98 /* Build configuration list for PBXProject "Benchmark" */;
			compatibilityVersion = "Xcode 3.2";
			developmentRegion = English;
			hasScannedForEncodings = 0;
			knownRegions = (
				en,
			);
			mainGroup = 5831F86917E43AAC00ADFE98;
			productRefGroup = 5831F87317E43AAC00ADFE98 /* Products */;
			projectDirPath = "";
			projectRoot = "";
			targets = (
				5831F87117E43AAC00ADFE98 /* Benchmark */,
				5831F89A17E43AAC00ADFE98 /* BenchmarkTests */,
			);
		};
/* End PBXProject section */

/* Begin PBXResourcesBuildPhase section */
		5831F87017E43AAC00ADFE98 /* Resources */ = {
			isa = PBXResourcesBuildPhase;
			buildActionMask = 2147483647;
			files = (
				5863F31918A2AB1E00C9FCA9 /* stopped@2x.png in Resources */,
				5831F88017E43AAC00ADFE98 /* InfoPlist.strings in Resources */,
				5831F88817E43AAC00ADFE98 /* Default.png in Resources */,
				588AE1691A4455D50058FEC3 /* test.png in Resources */,
				5831F88A17E43AAC00ADFE98 /* Default@2x.png in Resources */,
				5831F88C17E43AAC00ADFE98 /* Default-568h@2x.png in Resources */,
				5884706D17E5160700F89A6B /* Settings.bundle in Resources */,
				588AE1501A4430400058FEC3 /* AlfrescoFormBooleanCell.xib in Resources */,
				588AE1581A4430400058FEC3 /* AlfrescoFormTextCell.xib in Resources */,
				58E2336C17EC9CA5006F941E /* completed.png in Resources */,
				588AE15C1A4430400058FEC3 /* AlfrescoListOfValuesPickerViewController.xib in Resources */,
				58AA46F8185B6C16004B89B3 /* not-scheduled@2x.png in Resources */,
				58E2336D17EC9CA5006F941E /* completed@2x.png in Resources */,
				58E2336E17EC9CA5006F941E /* in-progress.png in Resources */,
				588AE1681A4455D50058FEC3 /* run.png in Resources */,
				58E2336F17EC9CA5006F941E /* in-progress@2x.png in Resources */,
				58E2337E17ECA0AC006F941E /* pending.png in Resources */,
				58E2337F17ECA0AC006F941E /* pending@2x.png in Resources */,
				58E2338417ECA2AC006F941E /* app_icon_large.png in Resources */,
				588AE15A1A4430400058FEC3 /* AlfrescoDatePickerViewController.xib in Resources */,
				58AA46F7185B6C16004B89B3 /* not-scheduled.png in Resources */,
				5863F31818A2AB1E00C9FCA9 /* stopped.png in Resources */,
				58E2338617ECA2AC006F941E /* app_icon_small.png in Resources */,
			);
			runOnlyForDeploymentPostprocessing = 0;
		};
		5831F89817E43AAC00ADFE98 /* Resources */ = {
			isa = PBXResourcesBuildPhase;
			buildActionMask = 2147483647;
			files = (
				5831F8A717E43AAD00ADFE98 /* InfoPlist.strings in Resources */,
			);
			runOnlyForDeploymentPostprocessing = 0;
		};
/* End PBXResourcesBuildPhase section */

/* Begin PBXShellScriptBuildPhase section */
		5831F89917E43AAC00ADFE98 /* ShellScript */ = {
			isa = PBXShellScriptBuildPhase;
			buildActionMask = 2147483647;
			files = (
			);
			inputPaths = (
			);
			outputPaths = (
			);
			runOnlyForDeploymentPostprocessing = 0;
			shellPath = /bin/sh;
			shellScript = "# Run the unit tests in this test bundle.\n\"${SYSTEM_DEVELOPER_DIR}/Tools/RunUnitTests\"\n";
		};
		DFD2D48CDEE24BFCBD95690A /* Copy Pods Resources */ = {
			isa = PBXShellScriptBuildPhase;
			buildActionMask = 2147483647;
			files = (
			);
			inputPaths = (
			);
			name = "Copy Pods Resources";
			outputPaths = (
			);
			runOnlyForDeploymentPostprocessing = 0;
			shellPath = /bin/sh;
			shellScript = "\"${SRCROOT}/Pods/Target Support Files/Pods/Pods-resources.sh\"\n";
			showEnvVarsInLog = 0;
		};
		E666276E3E8A44B6ABFC406D /* Check Pods Manifest.lock */ = {
			isa = PBXShellScriptBuildPhase;
			buildActionMask = 2147483647;
			files = (
			);
			inputPaths = (
			);
			name = "Check Pods Manifest.lock";
			outputPaths = (
			);
			runOnlyForDeploymentPostprocessing = 0;
			shellPath = /bin/sh;
			shellScript = "diff \"${PODS_ROOT}/../Podfile.lock\" \"${PODS_ROOT}/Manifest.lock\" > /dev/null\nif [[ $? != 0 ]] ; then\n    cat << EOM\nerror: The sandbox is not in sync with the Podfile.lock. Run 'pod install' or update your CocoaPods installation.\nEOM\n    exit 1\nfi\n";
			showEnvVarsInLog = 0;
		};
/* End PBXShellScriptBuildPhase section */

/* Begin PBXSourcesBuildPhase section */
		5831F86E17E43AAC00ADFE98 /* Sources */ = {
			isa = PBXSourcesBuildPhase;
			buildActionMask = 2147483647;
			files = (
				588AE1521A4430400058FEC3 /* AlfrescoFormDateCell.m in Sources */,
				588AE15E1A4430400058FEC3 /* AlfrescoFormField.m in Sources */,
				5831F88217E43AAC00ADFE98 /* main.m in Sources */,
				5831F88617E43AAC00ADFE98 /* AppDelegate.m in Sources */,
				588AE1621A4430FF0058FEC3 /* AddTestFormViewController.m in Sources */,
				588AE1541A4430400058FEC3 /* AlfrescoFormInformationCell.m in Sources */,
				5884706B17E514AD00F89A6B /* BenchmarkLabService.m in Sources */,
				5884707017E519BA00F89A6B /* Run.m in Sources */,
				588AE14B1A4430400058FEC3 /* AlfrescoFormMaximumLengthConstraint.m in Sources */,
				5834DB22192FD8F300C9F287 /* TestDefinition.m in Sources */,
				588AE14C1A4430400058FEC3 /* AlfrescoFormMinimumLengthConstraint.m in Sources */,
				588AE14A1A4430400058FEC3 /* AlfrescoFormMandatoryConstraint.m in Sources */,
				588AE1561A4430400058FEC3 /* AlfrescoFormPickerCell.m in Sources */,
				588AE1591A4430400058FEC3 /* AlfrescoDatePickerViewController.m in Sources */,
				5884707417E51FE400F89A6B /* Constants.m in Sources */,
				5884708817E662B700F89A6B /* Utils.m in Sources */,
				588AE15B1A4430400058FEC3 /* AlfrescoListOfValuesPickerViewController.m in Sources */,
				58E2334C17E79B8B006F941E /* Test.m in Sources */,
				588AE14E1A4430400058FEC3 /* AlfrescoFormRegexConstraint.m in Sources */,
				588AE14D1A4430400058FEC3 /* AlfrescoFormNumberRangeConstraint.m in Sources */,
				588AE14F1A4430400058FEC3 /* AlfrescoFormBooleanCell.m in Sources */,
				58E2334F17E79D66006F941E /* Property.m in Sources */,
				588AE15D1A4430400058FEC3 /* AlfrescoForm.m in Sources */,
				58E2335217E79F77006F941E /* RunStatus.m in Sources */,
				588AE1511A4430400058FEC3 /* AlfrescoFormCell.m in Sources */,
				588AE1651A4449AE0058FEC3 /* AddRunFormViewController.m in Sources */,
				588AE15F1A4430400058FEC3 /* AlfrescoFormFieldGroup.m in Sources */,
				588AE1471A4430400058FEC3 /* AlfrescoFormViewController.m in Sources */,
				58E2335F17EA4E31006F941E /* TestsViewController.m in Sources */,
				58E2338A17ECA327006F941E /* RunViewController.m in Sources */,
				588AE1481A4430400058FEC3 /* AlfrescoFormConstraint.m in Sources */,
				588AE1491A4430400058FEC3 /* AlfrescoFormListOfValuesConstraint.m in Sources */,
				588AE1571A4430400058FEC3 /* AlfrescoFormTextCell.m in Sources */,
				58E2338D17ECC521006F941E /* PropertiesViewController.m in Sources */,
				582E39F417EF85BD00A53ED3 /* TestViewController.m in Sources */,
				58C90F2F17FF16A800DF23C4 /* BenchmarkObject.m in Sources */,
				588AE1551A4430400058FEC3 /* AlfrescoFormListOfValuesCell.m in Sources */,
				588AE1531A4430400058FEC3 /* AlfrescoFormHiddenCell.m in Sources */,
				587A9A3C17F34AB200D6D57B /* EditPropertyViewController.m in Sources */,
			);
			runOnlyForDeploymentPostprocessing = 0;
		};
		5831F89617E43AAC00ADFE98 /* Sources */ = {
			isa = PBXSourcesBuildPhase;
			buildActionMask = 2147483647;
			files = (
				5871DC271A3B3661004733CD /* ModelTests.m in Sources */,
				5871DC251A3B363A004733CD /* ServiceTests.m in Sources */,
			);
			runOnlyForDeploymentPostprocessing = 0;
		};
/* End PBXSourcesBuildPhase section */

/* Begin PBXTargetDependency section */
		5831F8A117E43AAC00ADFE98 /* PBXTargetDependency */ = {
			isa = PBXTargetDependency;
			target = 5831F87117E43AAC00ADFE98 /* Benchmark */;
			targetProxy = 5831F8A017E43AAC00ADFE98 /* PBXContainerItemProxy */;
		};
/* End PBXTargetDependency section */

/* Begin PBXVariantGroup section */
		5831F87E17E43AAC00ADFE98 /* InfoPlist.strings */ = {
			isa = PBXVariantGroup;
			children = (
				5831F87F17E43AAC00ADFE98 /* en */,
			);
			name = InfoPlist.strings;
			sourceTree = "<group>";
		};
		5831F8A517E43AAD00ADFE98 /* InfoPlist.strings */ = {
			isa = PBXVariantGroup;
			children = (
				5831F8A617E43AAD00ADFE98 /* en */,
			);
			name = InfoPlist.strings;
			sourceTree = "<group>";
		};
/* End PBXVariantGroup section */

/* Begin XCBuildConfiguration section */
		274F282B1831000900067985 /* Ad Hoc */ = {
			isa = XCBuildConfiguration;
			buildSettings = {
				ALWAYS_SEARCH_USER_PATHS = NO;
				CLANG_CXX_LANGUAGE_STANDARD = "gnu++0x";
				CLANG_CXX_LIBRARY = "libc++";
				CLANG_ENABLE_OBJC_ARC = YES;
				CLANG_WARN_CONSTANT_CONVERSION = YES;
				CLANG_WARN_EMPTY_BODY = YES;
				CLANG_WARN_ENUM_CONVERSION = YES;
				CLANG_WARN_INT_CONVERSION = YES;
				CLANG_WARN__DUPLICATE_METHOD_MATCH = YES;
				COPY_PHASE_STRIP = YES;
				GCC_C_LANGUAGE_STANDARD = gnu99;
				GCC_WARN_ABOUT_RETURN_TYPE = YES;
				GCC_WARN_UNINITIALIZED_AUTOS = YES;
				GCC_WARN_UNUSED_VARIABLE = YES;
				IPHONEOS_DEPLOYMENT_TARGET = 7.0;
				OTHER_CFLAGS = "-DNS_BLOCK_ASSERTIONS=1";
				SDKROOT = iphoneos;
				TARGETED_DEVICE_FAMILY = "1,2";
				VALIDATE_PRODUCT = YES;
			};
			name = "Ad Hoc";
		};
		274F282C1831000900067985 /* Ad Hoc */ = {
			isa = XCBuildConfiguration;
			baseConfigurationReference = 677D358E07B1B48031EFFD66 /* Pods.ad hoc.xcconfig */;
			buildSettings = {
				CODE_SIGN_ENTITLEMENTS = Benchmark/Benchmark.entitlements;
				CODE_SIGN_IDENTITY = "iPhone Developer";
				"CODE_SIGN_IDENTITY[sdk=iphoneos*]" = "iPhone Developer";
				GCC_PRECOMPILE_PREFIX_HEADER = YES;
				GCC_PREFIX_HEADER = "Benchmark/Benchmark-Prefix.pch";
				INFOPLIST_FILE = "Benchmark/Benchmark-Info.plist";
				IPHONEOS_DEPLOYMENT_TARGET = 7.0;
				PRODUCT_NAME = "$(TARGET_NAME)";
				PROVISIONING_PROFILE = "";
				WRAPPER_EXTENSION = app;
			};
			name = "Ad Hoc";
		};
		274F282D1831000900067985 /* Ad Hoc */ = {
			isa = XCBuildConfiguration;
			buildSettings = {
				BUNDLE_LOADER = "$(BUILT_PRODUCTS_DIR)/Benchmark.app/Benchmark";
				FRAMEWORK_SEARCH_PATHS = (
					"\"$(SDKROOT)/Developer/Library/Frameworks\"",
					"\"$(DEVELOPER_LIBRARY_DIR)/Frameworks\"",
					"$(inherited)",
				);
				GCC_PRECOMPILE_PREFIX_HEADER = YES;
				GCC_PREFIX_HEADER = "Benchmark/Benchmark-Prefix.pch";
				INFOPLIST_FILE = "BenchmarkTests/BenchmarkTests-Info.plist";
				PRODUCT_NAME = "$(TARGET_NAME)";
				TEST_HOST = "$(BUNDLE_LOADER)";
			};
			name = "Ad Hoc";
		};
		5831F8AB17E43AAD00ADFE98 /* Debug */ = {
			isa = XCBuildConfiguration;
			buildSettings = {
				ALWAYS_SEARCH_USER_PATHS = NO;
				CLANG_CXX_LANGUAGE_STANDARD = "gnu++0x";
				CLANG_CXX_LIBRARY = "libc++";
				CLANG_ENABLE_OBJC_ARC = YES;
				CLANG_WARN_CONSTANT_CONVERSION = YES;
				CLANG_WARN_EMPTY_BODY = YES;
				CLANG_WARN_ENUM_CONVERSION = YES;
				CLANG_WARN_INT_CONVERSION = YES;
				CLANG_WARN__DUPLICATE_METHOD_MATCH = YES;
				COPY_PHASE_STRIP = NO;
				GCC_C_LANGUAGE_STANDARD = gnu99;
				GCC_DYNAMIC_NO_PIC = NO;
				GCC_OPTIMIZATION_LEVEL = 0;
				GCC_PREPROCESSOR_DEFINITIONS = (
					"DEBUG=1",
					"$(inherited)",
				);
				GCC_SYMBOLS_PRIVATE_EXTERN = NO;
				GCC_WARN_ABOUT_RETURN_TYPE = YES;
				GCC_WARN_UNINITIALIZED_AUTOS = YES;
				GCC_WARN_UNUSED_VARIABLE = YES;
				IPHONEOS_DEPLOYMENT_TARGET = 7.0;
				ONLY_ACTIVE_ARCH = YES;
				SDKROOT = iphoneos;
				TARGETED_DEVICE_FAMILY = "1,2";
			};
			name = Debug;
		};
		5831F8AC17E43AAD00ADFE98 /* Release */ = {
			isa = XCBuildConfiguration;
			buildSettings = {
				ALWAYS_SEARCH_USER_PATHS = NO;
				CLANG_CXX_LANGUAGE_STANDARD = "gnu++0x";
				CLANG_CXX_LIBRARY = "libc++";
				CLANG_ENABLE_OBJC_ARC = YES;
				CLANG_WARN_CONSTANT_CONVERSION = YES;
				CLANG_WARN_EMPTY_BODY = YES;
				CLANG_WARN_ENUM_CONVERSION = YES;
				CLANG_WARN_INT_CONVERSION = YES;
				CLANG_WARN__DUPLICATE_METHOD_MATCH = YES;
				COPY_PHASE_STRIP = YES;
				GCC_C_LANGUAGE_STANDARD = gnu99;
				GCC_WARN_ABOUT_RETURN_TYPE = YES;
				GCC_WARN_UNINITIALIZED_AUTOS = YES;
				GCC_WARN_UNUSED_VARIABLE = YES;
				IPHONEOS_DEPLOYMENT_TARGET = 7.0;
				OTHER_CFLAGS = "-DNS_BLOCK_ASSERTIONS=1";
				SDKROOT = iphoneos;
				TARGETED_DEVICE_FAMILY = "1,2";
				VALIDATE_PRODUCT = YES;
			};
			name = Release;
		};
		5831F8AE17E43AAD00ADFE98 /* Debug */ = {
			isa = XCBuildConfiguration;
			baseConfigurationReference = 9D023539C9F256A3EFCBE160 /* Pods.debug.xcconfig */;
			buildSettings = {
				CODE_SIGN_ENTITLEMENTS = Benchmark/Benchmark.entitlements;
				CODE_SIGN_IDENTITY = "iPhone Developer";
				"CODE_SIGN_IDENTITY[sdk=iphoneos*]" = "iPhone Developer";
				GCC_PRECOMPILE_PREFIX_HEADER = YES;
				GCC_PREFIX_HEADER = "Benchmark/Benchmark-Prefix.pch";
				INFOPLIST_FILE = "Benchmark/Benchmark-Info.plist";
				IPHONEOS_DEPLOYMENT_TARGET = 7.0;
				PRODUCT_NAME = "$(TARGET_NAME)";
				PROVISIONING_PROFILE = "";
				WRAPPER_EXTENSION = app;
			};
			name = Debug;
		};
		5831F8AF17E43AAD00ADFE98 /* Release */ = {
			isa = XCBuildConfiguration;
			baseConfigurationReference = 04CEF413249461972A06E738 /* Pods.release.xcconfig */;
			buildSettings = {
				CODE_SIGN_ENTITLEMENTS = Benchmark/Benchmark.entitlements;
				CODE_SIGN_IDENTITY = "iPhone Developer";
				"CODE_SIGN_IDENTITY[sdk=iphoneos*]" = "iPhone Developer";
				GCC_PRECOMPILE_PREFIX_HEADER = YES;
				GCC_PREFIX_HEADER = "Benchmark/Benchmark-Prefix.pch";
				INFOPLIST_FILE = "Benchmark/Benchmark-Info.plist";
				IPHONEOS_DEPLOYMENT_TARGET = 7.0;
				PRODUCT_NAME = "$(TARGET_NAME)";
				PROVISIONING_PROFILE = "";
				WRAPPER_EXTENSION = app;
			};
			name = Release;
		};
		5831F8B117E43AAD00ADFE98 /* Debug */ = {
			isa = XCBuildConfiguration;
			buildSettings = {
				BUNDLE_LOADER = "$(BUILT_PRODUCTS_DIR)/Benchmark.app/Benchmark";
				FRAMEWORK_SEARCH_PATHS = (
					"\"$(SDKROOT)/Developer/Library/Frameworks\"",
					"\"$(DEVELOPER_LIBRARY_DIR)/Frameworks\"",
					"$(inherited)",
				);
				GCC_PRECOMPILE_PREFIX_HEADER = YES;
				GCC_PREFIX_HEADER = "Benchmark/Benchmark-Prefix.pch";
				INFOPLIST_FILE = "BenchmarkTests/BenchmarkTests-Info.plist";
				PRODUCT_NAME = "$(TARGET_NAME)";
				TEST_HOST = "$(BUNDLE_LOADER)";
			};
			name = Debug;
		};
		5831F8B217E43AAD00ADFE98 /* Release */ = {
			isa = XCBuildConfiguration;
			buildSettings = {
				BUNDLE_LOADER = "$(BUILT_PRODUCTS_DIR)/Benchmark.app/Benchmark";
				FRAMEWORK_SEARCH_PATHS = (
					"\"$(SDKROOT)/Developer/Library/Frameworks\"",
					"\"$(DEVELOPER_LIBRARY_DIR)/Frameworks\"",
					"$(inherited)",
				);
				GCC_PRECOMPILE_PREFIX_HEADER = YES;
				GCC_PREFIX_HEADER = "Benchmark/Benchmark-Prefix.pch";
				INFOPLIST_FILE = "BenchmarkTests/BenchmarkTests-Info.plist";
				PRODUCT_NAME = "$(TARGET_NAME)";
				TEST_HOST = "$(BUNDLE_LOADER)";
			};
			name = Release;
		};
/* End XCBuildConfiguration section */

/* Begin XCConfigurationList section */
		5831F86D17E43AAC00ADFE98 /* Build configuration list for PBXProject "Benchmark" */ = {
			isa = XCConfigurationList;
			buildConfigurations = (
				5831F8AB17E43AAD00ADFE98 /* Debug */,
				5831F8AC17E43AAD00ADFE98 /* Release */,
				274F282B1831000900067985 /* Ad Hoc */,
			);
			defaultConfigurationIsVisible = 0;
			defaultConfigurationName = Release;
		};
		5831F8AD17E43AAD00ADFE98 /* Build configuration list for PBXNativeTarget "Benchmark" */ = {
			isa = XCConfigurationList;
			buildConfigurations = (
				5831F8AE17E43AAD00ADFE98 /* Debug */,
				5831F8AF17E43AAD00ADFE98 /* Release */,
				274F282C1831000900067985 /* Ad Hoc */,
			);
			defaultConfigurationIsVisible = 0;
			defaultConfigurationName = Release;
		};
		5831F8B017E43AAD00ADFE98 /* Build configuration list for PBXNativeTarget "BenchmarkTests" */ = {
			isa = XCConfigurationList;
			buildConfigurations = (
				5831F8B117E43AAD00ADFE98 /* Debug */,
				5831F8B217E43AAD00ADFE98 /* Release */,
				274F282D1831000900067985 /* Ad Hoc */,
			);
			defaultConfigurationIsVisible = 0;
			defaultConfigurationName = Release;
		};
/* End XCConfigurationList section */
	};
	rootObject = 5831F86A17E43AAC00ADFE98 /* Project object */;
}
